# This file is automatically @generated by Poetry 2.1.2 and should not be changed by hand.

[[package]]
name = "my-django"
version = "0.1.0"
description = ""
optional = false
python-versions = ">=3.11"
groups = ["main"]
files = []
develop = false

[package.dependencies]
my-requests = {path = "/home/italo/open/avaliando-gerenciadores-de-pacotes-python/my_requests"}

[package.source]
type = "directory"
url = "../my_django"

[[package]]
name = "my-requests"
version = "0.1.0"
description = "A small example package"
optional = false
python-versions = ">=3.11"
groups = ["main"]
files = []
develop = false

[package.source]
type = "directory"
url = "../my_requests"

[metadata]
lock-version = "2.1"
python-versions = ">=3.11"
content-hash = "1d764e747213e8779e07b8c557a61041ff0f606c9d7675f6d4c8fcccc79009d6"
