# This file is automatically @generated by Poetry 2.1.2 and should not be changed by hand.

[[package]]
name = "my-requests"
version = "0.0.1"
description = "A small example package"
optional = false
python-versions = ">=3.11"
groups = ["main"]
files = []
develop = false

[package.source]
type = "directory"
url = "../my_requests"

[metadata]
lock-version = "2.1"
python-versions = ">=3.11"
content-hash = "7c65dfe245b2fddc78e8e4b1e1689ed341c69d9e10e10c692d07d17da7ac85a7"
